
Microsoft Visual Studio Solution File, Format Version 12.00
# Visual Studio 15
VisualStudioVersion = 15.0.28010.2048
MinimumVisualStudioVersion = 10.0.40219.1
Project("{FAE04EC0-301F-11D3-BF4B-00C04F79EFBC}") = "ResourceWorld", "ResourceWorld\ResourceWorld.csproj", "{6957D228-99F0-4910-A1E1-608A59AC9E81}"
EndProject
Project("{FAE04EC0-301F-11D3-BF4B-00C04F79EFBC}") = "ResourceWorldUI", "ResourceWorldUI\ResourceWorldUI.csproj", "{71D5AF46-9174-4BA1-8A17-6358D8459C03}"
EndProject
Project("{FAE04EC0-301F-11D3-BF4B-00C04F79EFBC}") = "ResourceWorldTest", "ResourceWorldTest\ResourceWorldTest.csproj", "{B5B342B6-2E8F-496B-BD6B-9E1164AE1438}"
EndProject
Global
	GlobalSection(SolutionConfigurationPlatforms) = preSolution
		Debug|Any CPU = Debug|Any CPU
		Release|Any CPU = Release|Any CPU
	EndGlobalSection
	GlobalSection(ProjectConfigurationPlatforms) = postSolution
		{6957D228-99F0-4910-A1E1-608A59AC9E81}.Debug|Any CPU.ActiveCfg = Debug|Any CPU
		{6957D228-99F0-4910-A1E1-608A59AC9E81}.Debug|Any CPU.Build.0 = Debug|Any CPU
		{6957D228-99F0-4910-A1E1-608A59AC9E81}.Release|Any CPU.ActiveCfg = Release|Any CPU
		{6957D228-99F0-4910-A1E1-608A59AC9E81}.Release|Any CPU.Build.0 = Release|Any CPU
		{71D5AF46-9174-4BA1-8A17-6358D8459C03}.Debug|Any CPU.ActiveCfg = Debug|Any CPU
		{71D5AF46-9174-4BA1-8A17-6358D8459C03}.Debug|Any CPU.Build.0 = Debug|Any CPU
		{71D5AF46-9174-4BA1-8A17-6358D8459C03}.Release|Any CPU.ActiveCfg = Release|Any CPU
		{71D5AF46-9174-4BA1-8A17-6358D8459C03}.Release|Any CPU.Build.0 = Release|Any CPU
		{B5B342B6-2E8F-496B-BD6B-9E1164AE1438}.Debug|Any CPU.ActiveCfg = Debug|Any CPU
		{B5B342B6-2E8F-496B-BD6B-9E1164AE1438}.Debug|Any CPU.Build.0 = Debug|Any CPU
		{B5B342B6-2E8F-496B-BD6B-9E1164AE1438}.Release|Any CPU.ActiveCfg = Release|Any CPU
		{B5B342B6-2E8F-496B-BD6B-9E1164AE1438}.Release|Any CPU.Build.0 = Release|Any CPU
	EndGlobalSection
	GlobalSection(SolutionProperties) = preSolution
		HideSolutionNode = FALSE
	EndGlobalSection
	GlobalSection(ExtensibilityGlobals) = postSolution
		SolutionGuid = {7C421FEE-4E47-4D26-9FD4-D1AFF1CB9BBD}
	EndGlobalSection
EndGlobal
